
Microsoft Visual Studio Solution File, Format Version 12.00
# Visual Studio Version 17
VisualStudioVersion = 17.10.34916.146
MinimumVisualStudioVersion = 10.0.40219.1
Project("{9A19103F-16F7-4668-BE54-9A1E7A4F7556}") = "Weather.WebApi", "Weather.WebApi\Weather.WebApi.csproj", "{33F0E6A6-DDBE-471E-A7BF-5F2827EB64FA}"
EndProject
Project("{2150E333-8FDC-42A3-9474-1A3956D46DE8}") = "Solution Items", "Solution Items", "{14434C89-4AFF-4772-9432-D92B52F90A40}"
	ProjectSection(SolutionItems) = preProject
		docker-compose.yml = docker-compose.yml
	EndProjectSection
EndProject
Project("{FAE04EC0-301F-11D3-BF4B-00C04F79EFBC}") = "Weather.ClientApp", "Weather.ClientApp\Weather.ClientApp.csproj", "{96499BF0-4B88-4346-86F6-D1AB42438355}"
EndProject
Global
	GlobalSection(SolutionConfigurationPlatforms) = preSolution
		Debug|Any CPU = Debug|Any CPU
		Release|Any CPU = Release|Any CPU
	EndGlobalSection
	GlobalSection(ProjectConfigurationPlatforms) = postSolution
		{33F0E6A6-DDBE-471E-A7BF-5F2827EB64FA}.Debug|Any CPU.ActiveCfg = Debug|Any CPU
		{33F0E6A6-DDBE-471E-A7BF-5F2827EB64FA}.Debug|Any CPU.Build.0 = Debug|Any CPU
		{33F0E6A6-DDBE-471E-A7BF-5F2827EB64FA}.Release|Any CPU.ActiveCfg = Release|Any CPU
		{33F0E6A6-DDBE-471E-A7BF-5F2827EB64FA}.Release|Any CPU.Build.0 = Release|Any CPU
		{96499BF0-4B88-4346-86F6-D1AB42438355}.Debug|Any CPU.ActiveCfg = Debug|Any CPU
		{96499BF0-4B88-4346-86F6-D1AB42438355}.Debug|Any CPU.Build.0 = Debug|Any CPU
		{96499BF0-4B88-4346-86F6-D1AB42438355}.Release|Any CPU.ActiveCfg = Release|Any CPU
		{96499BF0-4B88-4346-86F6-D1AB42438355}.Release|Any CPU.Build.0 = Release|Any CPU
	EndGlobalSection
	GlobalSection(SolutionProperties) = preSolution
		HideSolutionNode = FALSE
	EndGlobalSection
	GlobalSection(ExtensibilityGlobals) = postSolution
		SolutionGuid = {EEF43B65-8853-469C-AD31-DE9142C6CCE8}
	EndGlobalSection
EndGlobal
